
Microsoft Visual Studio Solution File, Format Version 9.00
# Visual Studio 2005
Project("{FAE04EC0-301F-11D3-BF4B-00C04F79EFBC}") = "BitMeterOsUtils", "BitMeterOsUtils\BitMeterOsUtils.csproj", "{28F4FD1C-4D33-40D9-A1A3-8C5AB7DFAA00}"
EndProject
Project("{FAE04EC0-301F-11D3-BF4B-00C04F79EFBC}") = "BitMeterOsUtilsTest", "BitMeterOsUtilsTest\BitMeterOsUtilsTest.csproj", "{4C22F28E-6284-41E8-8920-ED949B33D1BE}"
EndProject
Project("{FAE04EC0-301F-11D3-BF4B-00C04F79EFBC}") = "Database", "Database\Database.csproj", "{170BC7D0-B5E8-4833-B62D-13AEEB4D45DC}"
EndProject
Project("{FAE04EC0-301F-11D3-BF4B-00C04F79EFBC}") = "DUCapture", "DUCapture\DUCapture.csproj", "{DEF73C73-F0FC-4DC2-85E8-EE504F32079D}"
EndProject
Project("{FAE04EC0-301F-11D3-BF4B-00C04F79EFBC}") = "DUCaptureService", "DUCaptureService\DUCaptureService.csproj", "{C700AB9B-3A42-4B35-98DA-F4C0EA2BB84D}"
EndProject
Project("{FAE04EC0-301F-11D3-BF4B-00C04F79EFBC}") = "DUCaptureTest", "DUCaptureTest\DUCaptureTest.csproj", "{91F50445-94C0-48EF-AE7A-500CBCDB341C}"
EndProject
Project("{FAE04EC0-301F-11D3-BF4B-00C04F79EFBC}") = "ServiceInstaller", "ServiceInstaller\ServiceInstaller.csproj", "{8620EDE8-4336-4FDC-B4C5-CD3C8CEFB2A6}"
EndProject
Global
	GlobalSection(SolutionConfigurationPlatforms) = preSolution
		Debug|Any CPU = Debug|Any CPU
		Release|Any CPU = Release|Any CPU
	EndGlobalSection
	GlobalSection(ProjectConfigurationPlatforms) = postSolution
		{28F4FD1C-4D33-40D9-A1A3-8C5AB7DFAA00}.Debug|Any CPU.ActiveCfg = Debug|Any CPU
		{28F4FD1C-4D33-40D9-A1A3-8C5AB7DFAA00}.Debug|Any CPU.Build.0 = Debug|Any CPU
		{28F4FD1C-4D33-40D9-A1A3-8C5AB7DFAA00}.Release|Any CPU.ActiveCfg = Release|Any CPU
		{28F4FD1C-4D33-40D9-A1A3-8C5AB7DFAA00}.Release|Any CPU.Build.0 = Release|Any CPU
		{4C22F28E-6284-41E8-8920-ED949B33D1BE}.Debug|Any CPU.ActiveCfg = Debug|Any CPU
		{4C22F28E-6284-41E8-8920-ED949B33D1BE}.Debug|Any CPU.Build.0 = Debug|Any CPU
		{4C22F28E-6284-41E8-8920-ED949B33D1BE}.Release|Any CPU.ActiveCfg = Release|Any CPU
		{4C22F28E-6284-41E8-8920-ED949B33D1BE}.Release|Any CPU.Build.0 = Release|Any CPU
		{170BC7D0-B5E8-4833-B62D-13AEEB4D45DC}.Debug|Any CPU.ActiveCfg = Debug|Any CPU
		{170BC7D0-B5E8-4833-B62D-13AEEB4D45DC}.Debug|Any CPU.Build.0 = Debug|Any CPU
		{170BC7D0-B5E8-4833-B62D-13AEEB4D45DC}.Release|Any CPU.ActiveCfg = Release|Any CPU
		{170BC7D0-B5E8-4833-B62D-13AEEB4D45DC}.Release|Any CPU.Build.0 = Release|Any CPU
		{DEF73C73-F0FC-4DC2-85E8-EE504F32079D}.Debug|Any CPU.ActiveCfg = Debug|Any CPU
		{DEF73C73-F0FC-4DC2-85E8-EE504F32079D}.Debug|Any CPU.Build.0 = Debug|Any CPU
		{DEF73C73-F0FC-4DC2-85E8-EE504F32079D}.Release|Any CPU.ActiveCfg = Release|Any CPU
		{DEF73C73-F0FC-4DC2-85E8-EE504F32079D}.Release|Any CPU.Build.0 = Release|Any CPU
		{C700AB9B-3A42-4B35-98DA-F4C0EA2BB84D}.Debug|Any CPU.ActiveCfg = Debug|Any CPU
		{C700AB9B-3A42-4B35-98DA-F4C0EA2BB84D}.Debug|Any CPU.Build.0 = Debug|Any CPU
		{C700AB9B-3A42-4B35-98DA-F4C0EA2BB84D}.Release|Any CPU.ActiveCfg = Release|Any CPU
		{C700AB9B-3A42-4B35-98DA-F4C0EA2BB84D}.Release|Any CPU.Build.0 = Release|Any CPU
		{91F50445-94C0-48EF-AE7A-500CBCDB341C}.Debug|Any CPU.ActiveCfg = Debug|Any CPU
		{91F50445-94C0-48EF-AE7A-500CBCDB341C}.Debug|Any CPU.Build.0 = Debug|Any CPU
		{91F50445-94C0-48EF-AE7A-500CBCDB341C}.Release|Any CPU.ActiveCfg = Release|Any CPU
		{91F50445-94C0-48EF-AE7A-500CBCDB341C}.Release|Any CPU.Build.0 = Release|Any CPU
		{8620EDE8-4336-4FDC-B4C5-CD3C8CEFB2A6}.Debug|Any CPU.ActiveCfg = Debug|Any CPU
		{8620EDE8-4336-4FDC-B4C5-CD3C8CEFB2A6}.Debug|Any CPU.Build.0 = Debug|Any CPU
		{8620EDE8-4336-4FDC-B4C5-CD3C8CEFB2A6}.Release|Any CPU.ActiveCfg = Release|Any CPU
		{8620EDE8-4336-4FDC-B4C5-CD3C8CEFB2A6}.Release|Any CPU.Build.0 = Release|Any CPU
	EndGlobalSection
	GlobalSection(SolutionProperties) = preSolution
		HideSolutionNode = FALSE
	EndGlobalSection
EndGlobal
